
Microsoft Visual Studio Solution File, Format Version 12.00
# Visual Studio 15
VisualStudioVersion = 15.0.27703.2042
MinimumVisualStudioVersion = 10.0.40219.1
Project("{FAE04EC0-301F-11D3-BF4B-00C04F79EFBC}") = "StatlerWaldorfCorp.TeamService", "StatlerWaldorfCorp\StatlerWaldorfCorp.TeamService.csproj", "{896EFD9A-AC03-4DFA-ACA3-92126F59F551}"
EndProject
Project("{FAE04EC0-301F-11D3-BF4B-00C04F79EFBC}") = "StatlerWaldorfCorp.TeamService.Tests", "StatlerWaldorfCorp.TeamService.Tests\StatlerWaldorfCorp.TeamService.Tests.csproj", "{7992CECD-919D-48E4-AA7B-29814758BA12}"
EndProject
Global
	GlobalSection(SolutionConfigurationPlatforms) = preSolution
		Debug|Any CPU = Debug|Any CPU
		Release|Any CPU = Release|Any CPU
	EndGlobalSection
	GlobalSection(ProjectConfigurationPlatforms) = postSolution
		{896EFD9A-AC03-4DFA-ACA3-92126F59F551}.Debug|Any CPU.ActiveCfg = Debug|Any CPU
		{896EFD9A-AC03-4DFA-ACA3-92126F59F551}.Debug|Any CPU.Build.0 = Debug|Any CPU
		{896EFD9A-AC03-4DFA-ACA3-92126F59F551}.Release|Any CPU.ActiveCfg = Release|Any CPU
		{896EFD9A-AC03-4DFA-ACA3-92126F59F551}.Release|Any CPU.Build.0 = Release|Any CPU
		{7992CECD-919D-48E4-AA7B-29814758BA12}.Debug|Any CPU.ActiveCfg = Debug|Any CPU
		{7992CECD-919D-48E4-AA7B-29814758BA12}.Debug|Any CPU.Build.0 = Debug|Any CPU
		{7992CECD-919D-48E4-AA7B-29814758BA12}.Release|Any CPU.ActiveCfg = Release|Any CPU
		{7992CECD-919D-48E4-AA7B-29814758BA12}.Release|Any CPU.Build.0 = Release|Any CPU
	EndGlobalSection
	GlobalSection(SolutionProperties) = preSolution
		HideSolutionNode = FALSE
	EndGlobalSection
	GlobalSection(ExtensibilityGlobals) = postSolution
		SolutionGuid = {BD7FEE99-560D-483C-A4C1-D6B8CFABC46E}
	EndGlobalSection
EndGlobal
